
Microsoft Visual Studio Solution File, Format Version 12.00
# Visual Studio Version 17
VisualStudioVersion = 17.10.34804.81
MinimumVisualStudioVersion = 10.0.40219.1
Project("{FAE04EC0-301F-11D3-BF4B-00C04F79EFBC}") = "Space Invaders", "Space Invaders.csproj", "{3EA1EC1A-AF46-4E54-92E8-73A22B754849}"
EndProject
Global
	GlobalSection(SolutionConfigurationPlatforms) = preSolution
		Debug|Any CPU = Debug|Any CPU
		Release|Any CPU = Release|Any CPU
	EndGlobalSection
	GlobalSection(ProjectConfigurationPlatforms) = postSolution
		{3EA1EC1A-AF46-4E54-92E8-73A22B754849}.Debug|Any CPU.ActiveCfg = Debug|Any CPU
		{3EA1EC1A-AF46-4E54-92E8-73A22B754849}.Debug|Any CPU.Build.0 = Debug|Any CPU
		{3EA1EC1A-AF46-4E54-92E8-73A22B754849}.Release|Any CPU.ActiveCfg = Release|Any CPU
		{3EA1EC1A-AF46-4E54-92E8-73A22B754849}.Release|Any CPU.Build.0 = Release|Any CPU
	EndGlobalSection
	GlobalSection(SolutionProperties) = preSolution
		HideSolutionNode = FALSE
	EndGlobalSection
	GlobalSection(ExtensibilityGlobals) = postSolution
		SolutionGuid = {F4349C2B-2787-490B-ADD4-FB5FE14248B7}
	EndGlobalSection
EndGlobal
